
Microsoft Visual Studio Solution File, Format Version 12.00
# Visual Studio 15
VisualStudioVersion = 15.0.27428.2015
MinimumVisualStudioVersion = 10.0.40219.1
Project("{8BC9CEB8-8B4A-11D0-8D11-00A0C91BC942}") = "MyidCredentialProvider", "MyidCredentialProvider\MyidCredentialProvider.vcxproj", "{C12BAEA6-D50D-4C6A-A13A-B703AB7B0376}"
EndProject
Project("{8BC9CEB8-8B4A-11D0-8D11-00A0C91BC942}") = "VscCommon", "VscCommon\VscCommon.vcxproj", "{7D8C5994-3589-4FCA-AE24-34D377720025}"
EndProject
Global
	GlobalSection(SolutionConfigurationPlatforms) = preSolution
		Debug_UMD|x64 = Debug_UMD|x64
		Debug_UMD|x86 = Debug_UMD|x86
		Debug_UML|x64 = Debug_UML|x64
		Debug_UML|x86 = Debug_UML|x86
		Release_UMD|x64 = Release_UMD|x64
		Release_UMD|x86 = Release_UMD|x86
		Release_UML|x64 = Release_UML|x64
		Release_UML|x86 = Release_UML|x86
		Veracode_UMD|x64 = Veracode_UMD|x64
		Veracode_UMD|x86 = Veracode_UMD|x86
		Veracode_UML|x64 = Veracode_UML|x64
		Veracode_UML|x86 = Veracode_UML|x86
	EndGlobalSection
	GlobalSection(ProjectConfigurationPlatforms) = postSolution
		{C12BAEA6-D50D-4C6A-A13A-B703AB7B0376}.Debug_UMD|x64.ActiveCfg = Debug_UML|x64
		{C12BAEA6-D50D-4C6A-A13A-B703AB7B0376}.Debug_UMD|x64.Build.0 = Debug_UML|x64
		{C12BAEA6-D50D-4C6A-A13A-B703AB7B0376}.Debug_UMD|x86.ActiveCfg = Debug_UML|Win32
		{C12BAEA6-D50D-4C6A-A13A-B703AB7B0376}.Debug_UMD|x86.Build.0 = Debug_UML|Win32
		{C12BAEA6-D50D-4C6A-A13A-B703AB7B0376}.Debug_UML|x64.ActiveCfg = Debug_UML|x64
		{C12BAEA6-D50D-4C6A-A13A-B703AB7B0376}.Debug_UML|x64.Build.0 = Debug_UML|x64
		{C12BAEA6-D50D-4C6A-A13A-B703AB7B0376}.Debug_UML|x86.ActiveCfg = Debug_UML|Win32
		{C12BAEA6-D50D-4C6A-A13A-B703AB7B0376}.Debug_UML|x86.Build.0 = Debug_UML|Win32
		{C12BAEA6-D50D-4C6A-A13A-B703AB7B0376}.Release_UMD|x64.ActiveCfg = Release_UML|x64
		{C12BAEA6-D50D-4C6A-A13A-B703AB7B0376}.Release_UMD|x64.Build.0 = Release_UML|x64
		{C12BAEA6-D50D-4C6A-A13A-B703AB7B0376}.Release_UMD|x86.ActiveCfg = Release_UML|Win32
		{C12BAEA6-D50D-4C6A-A13A-B703AB7B0376}.Release_UMD|x86.Build.0 = Release_UML|Win32
		{C12BAEA6-D50D-4C6A-A13A-B703AB7B0376}.Release_UML|x64.ActiveCfg = Release_UML|x64
		{C12BAEA6-D50D-4C6A-A13A-B703AB7B0376}.Release_UML|x64.Build.0 = Release_UML|x64
		{C12BAEA6-D50D-4C6A-A13A-B703AB7B0376}.Release_UML|x86.ActiveCfg = Release_UML|Win32
		{C12BAEA6-D50D-4C6A-A13A-B703AB7B0376}.Release_UML|x86.Build.0 = Release_UML|Win32
		{C12BAEA6-D50D-4C6A-A13A-B703AB7B0376}.Veracode_UMD|x64.ActiveCfg = Release_UML|x64
		{C12BAEA6-D50D-4C6A-A13A-B703AB7B0376}.Veracode_UMD|x64.Build.0 = Release_UML|x64
		{C12BAEA6-D50D-4C6A-A13A-B703AB7B0376}.Veracode_UMD|x86.ActiveCfg = Release_UML|Win32
		{C12BAEA6-D50D-4C6A-A13A-B703AB7B0376}.Veracode_UMD|x86.Build.0 = Release_UML|Win32
		{C12BAEA6-D50D-4C6A-A13A-B703AB7B0376}.Veracode_UML|x64.ActiveCfg = Release_UML|x64
		{C12BAEA6-D50D-4C6A-A13A-B703AB7B0376}.Veracode_UML|x64.Build.0 = Release_UML|x64
		{C12BAEA6-D50D-4C6A-A13A-B703AB7B0376}.Veracode_UML|x86.ActiveCfg = Release_UML|Win32
		{C12BAEA6-D50D-4C6A-A13A-B703AB7B0376}.Veracode_UML|x86.Build.0 = Release_UML|Win32
		{7D8C5994-3589-4FCA-AE24-34D377720025}.Debug_UMD|x64.ActiveCfg = Debug_UMD|x64
		{7D8C5994-3589-4FCA-AE24-34D377720025}.Debug_UMD|x64.Build.0 = Debug_UMD|x64
		{7D8C5994-3589-4FCA-AE24-34D377720025}.Debug_UMD|x86.ActiveCfg = Debug_UMD|Win32
		{7D8C5994-3589-4FCA-AE24-34D377720025}.Debug_UMD|x86.Build.0 = Debug_UMD|Win32
		{7D8C5994-3589-4FCA-AE24-34D377720025}.Debug_UML|x64.ActiveCfg = Debug_UML|x64
		{7D8C5994-3589-4FCA-AE24-34D377720025}.Debug_UML|x64.Build.0 = Debug_UML|x64
		{7D8C5994-3589-4FCA-AE24-34D377720025}.Debug_UML|x86.ActiveCfg = Debug_UML|Win32
		{7D8C5994-3589-4FCA-AE24-34D377720025}.Debug_UML|x86.Build.0 = Debug_UML|Win32
		{7D8C5994-3589-4FCA-AE24-34D377720025}.Release_UMD|x64.ActiveCfg = Release_UMD|x64
		{7D8C5994-3589-4FCA-AE24-34D377720025}.Release_UMD|x64.Build.0 = Release_UMD|x64
		{7D8C5994-3589-4FCA-AE24-34D377720025}.Release_UMD|x86.ActiveCfg = Release_UMD|Win32
		{7D8C5994-3589-4FCA-AE24-34D377720025}.Release_UMD|x86.Build.0 = Release_UMD|Win32
		{7D8C5994-3589-4FCA-AE24-34D377720025}.Release_UML|x64.ActiveCfg = Release_UML|x64
		{7D8C5994-3589-4FCA-AE24-34D377720025}.Release_UML|x64.Build.0 = Release_UML|x64
		{7D8C5994-3589-4FCA-AE24-34D377720025}.Release_UML|x86.ActiveCfg = Release_UML|Win32
		{7D8C5994-3589-4FCA-AE24-34D377720025}.Release_UML|x86.Build.0 = Release_UML|Win32
		{7D8C5994-3589-4FCA-AE24-34D377720025}.Veracode_UMD|x64.ActiveCfg = Veracode_UMD|x64
		{7D8C5994-3589-4FCA-AE24-34D377720025}.Veracode_UMD|x64.Build.0 = Veracode_UMD|x64
		{7D8C5994-3589-4FCA-AE24-34D377720025}.Veracode_UMD|x86.ActiveCfg = Veracode_UMD|Win32
		{7D8C5994-3589-4FCA-AE24-34D377720025}.Veracode_UMD|x86.Build.0 = Veracode_UMD|Win32
		{7D8C5994-3589-4FCA-AE24-34D377720025}.Veracode_UML|x64.ActiveCfg = Veracode_UML|x64
		{7D8C5994-3589-4FCA-AE24-34D377720025}.Veracode_UML|x64.Build.0 = Veracode_UML|x64
		{7D8C5994-3589-4FCA-AE24-34D377720025}.Veracode_UML|x86.ActiveCfg = Veracode_UML|Win32
		{7D8C5994-3589-4FCA-AE24-34D377720025}.Veracode_UML|x86.Build.0 = Veracode_UML|Win32
	EndGlobalSection
	GlobalSection(SolutionProperties) = preSolution
		HideSolutionNode = FALSE
	EndGlobalSection
	GlobalSection(ExtensibilityGlobals) = postSolution
		SolutionGuid = {EEDC4086-056D-40BF-8FE9-45F823E3E84F}
	EndGlobalSection
EndGlobal
