<?xml version="1.0" encoding="utf-8"?>
<Project ToolsVersion="4.0" xmlns="http://schemas.microsoft.com/developer/msbuild/2003">
  <ItemGroup>
    <Filter Include="Source Files">
      <UniqueIdentifier>{4FC737F1-C7A5-4376-A066-2A32D752A2FF}</UniqueIdentifier>
      <Extensions>cpp;c;cc;cxx;def;odl;idl;hpj;bat;asm;asmx</Extensions>
    </Filter>
    <Filter Include="Header Files">
      <UniqueIdentifier>{93995380-89BD-4b04-88EB-625FBE52EBFB}</UniqueIdentifier>
      <Extensions>h;hh;hpp;hxx;hm;inl;inc;ipp;xsd</Extensions>
    </Filter>
    <Filter Include="Resource Files">
      <UniqueIdentifier>{67DA6AB6-F800-4c08-8B7A-83BB121AAD01}</UniqueIdentifier>
      <Extensions>rc;ico;cur;bmp;dlg;rc2;rct;bin;rgs;gif;jpg;jpeg;jpe;resx;tiff;tif;png;wav;mfcribbon-ms</Extensions>
    </Filter>
    <Filter Include="Generated Files">
      <UniqueIdentifier>{f78a248e-b0ef-42dd-8de0-f955014f8e47}</UniqueIdentifier>
      <SourceControlFiles>False</SourceControlFiles>
    </Filter>
  </ItemGroup>
  <ItemGroup>
    <ClCompile Include="stdafx.cpp">
      <Filter>Source Files</Filter>
    </ClCompile>
    <ClCompile Include="MyidCredentialProvider.cpp">
      <Filter>Source Files</Filter>
    </ClCompile>
    <ClCompile Include="dllmain.cpp">
      <Filter>Source Files</Filter>
    </ClCompile>
    <ClCompile Include="MyidCredential.cpp">
      <Filter>Source Files</Filter>
    </ClCompile>
    <ClCompile Include="..\VC15\MyidCredentialProvider_i.c">
      <Filter>Generated Files</Filter>
    </ClCompile>
    <ClCompile Include="Authenticate.cpp">
      <Filter>Source Files</Filter>
    </ClCompile>
    <ClCompile Include="AuthPackage.cpp">
      <Filter>Source Files</Filter>
    </ClCompile>
    <ClCompile Include="Fields.cpp">
      <Filter>Source Files</Filter>
    </ClCompile>
    <ClCompile Include="Policy.cpp">
      <Filter>Source Files</Filter>
    </ClCompile>
    <ClCompile Include="Credential.cpp">
      <Filter>Source Files</Filter>
    </ClCompile>
    <ClCompile Include="Credentials.cpp">
      <Filter>Source Files</Filter>
    </ClCompile>
    <ClCompile Include="ServiceMonitor.cpp">
      <Filter>Source Files</Filter>
    </ClCompile>
    <ClCompile Include="VscProvider.cpp">
      <Filter>Source Files</Filter>
    </ClCompile>
    <ClCompile Include="LibraryLink.cpp">
      <Filter>Source Files</Filter>
    </ClCompile>
    <ClCompile Include="VscCredentialSupport.cpp">
      <Filter>Source Files</Filter>
    </ClCompile>
  </ItemGroup>
  <ItemGroup>
    <ClInclude Include="stdafx.h">
      <Filter>Header Files</Filter>
    </ClInclude>
    <ClInclude Include="targetver.h">
      <Filter>Header Files</Filter>
    </ClInclude>
    <ClInclude Include="Resource.h">
      <Filter>Header Files</Filter>
    </ClInclude>
    <ClInclude Include="dllmain.h">
      <Filter>Header Files</Filter>
    </ClInclude>
    <ClInclude Include="IncludeMyidCredentialProvider.h">
      <Filter>Header Files</Filter>
    </ClInclude>
    <ClInclude Include="MyidCredential.h">
      <Filter>Header Files</Filter>
    </ClInclude>
    <ClInclude Include="..\VC15\MyidCredentialProvider.h">
      <Filter>Generated Files</Filter>
    </ClInclude>
    <ClInclude Include="Authenticate.h">
      <Filter>Header Files</Filter>
    </ClInclude>
    <ClInclude Include="AuthPackage.h">
      <Filter>Header Files</Filter>
    </ClInclude>
    <ClInclude Include="Data.h">
      <Filter>Header Files</Filter>
    </ClInclude>
    <ClInclude Include="Fields.h">
      <Filter>Header Files</Filter>
    </ClInclude>
    <ClInclude Include="Policy.h">
      <Filter>Header Files</Filter>
    </ClInclude>
    <ClInclude Include="CspInfo.h">
      <Filter>Header Files</Filter>
    </ClInclude>
    <ClInclude Include="ServiceMonitor.h">
      <Filter>Header Files</Filter>
    </ClInclude>
    <ClInclude Include="VscProvider.h">
      <Filter>Header Files</Filter>
    </ClInclude>
  </ItemGroup>
  <ItemGroup>
    <ResourceCompile Include="MyidCredentialProvider.rc">
      <Filter>Resource Files</Filter>
    </ResourceCompile>
    <ResourceCompile Include="Resources\Strings-en.rc">
      <Filter>Resource Files</Filter>
    </ResourceCompile>
  </ItemGroup>
  <ItemGroup>
    <None Include="MyidCredentialProvider.rgs">
      <Filter>Resource Files</Filter>
    </None>
    <None Include="MyidCredentialProvider.def">
      <Filter>Source Files</Filter>
    </None>
  </ItemGroup>
  <ItemGroup>
    <Midl Include="MyidCredentialProvider.idl">
      <Filter>Source Files</Filter>
    </Midl>
  </ItemGroup>
  <ItemGroup>
    <Image Include="Resources\MyidBluetooth-Icon.bmp">
      <Filter>Resource Files</Filter>
    </Image>
    <Image Include="resources\bitmap2.bmp">
      <Filter>Resource Files</Filter>
    </Image>
    <Image Include="Resources\MyidBluetoth-Icon-Debug.bmp">
      <Filter>Resource Files</Filter>
    </Image>
  </ItemGroup>
</Project>